// !$*UTF8*$!
{
	archiveVersion = 1;
	classes = {
	};
	objectVersion = 46;
	objects = {

/* Begin PBXBuildFile section */
		AB3E9A291C542B230079C256 /* TreeTest.cpp in Sources */ = {isa = PBXBuildFile; fileRef = AB3E9A281C542B230079C256 /* TreeTest.cpp */; };
		AB3E9A2C1C542B430079C256 /* RBTree.cpp in Sources */ = {isa = PBXBuildFile; fileRef = AB3E9A2A1C542B430079C256 /* RBTree.cpp */; };
		AB3E9A2F1C542E560079C256 /* treeNode.cpp in Sources */ = {isa = PBXBuildFile; fileRef = AB3E9A2D1C542E560079C256 /* treeNode.cpp */; };
		AB3E9A321C542E6E0079C256 /* biNode.cpp in Sources */ = {isa = PBXBuildFile; fileRef = AB3E9A301C542E6E0079C256 /* biNode.cpp */; };
		AB3E9A351C54BE2F0079C256 /* BSTree.cpp in Sources */ = {isa = PBXBuildFile; fileRef = AB3E9A331C54BE2F0079C256 /* BSTree.cpp */; };
/* End PBXBuildFile section */

/* Begin PBXCopyFilesBuildPhase section */
		AB1A39981C4F4EC30078C572 /* CopyFiles */ = {
			isa = PBXCopyFilesBuildPhase;
			buildActionMask = 2147483647;
			dstPath = /usr/share/man/man1/;
			dstSubfolderSpec = 0;
			files = (
			);
			runOnlyForDeploymentPostprocessing = 1;
		};
/* End PBXCopyFilesBuildPhase section */

/* Begin PBXFileReference section */
		AB1A399A1C4F4EC30078C572 /* TreeTest */ = {isa = PBXFileReference; explicitFileType = "compiled.mach-o.executable"; includeInIndex = 0; path = TreeTest; sourceTree = BUILT_PRODUCTS_DIR; };
		AB3E9A281C542B230079C256 /* TreeTest.cpp */ = {isa = PBXFileReference; fileEncoding = 4; lastKnownFileType = sourcecode.cpp.cpp; name = TreeTest.cpp; path = ../../Algorithm/TreeTest.cpp; sourceTree = "<group>"; };
		AB3E9A2A1C542B430079C256 /* RBTree.cpp */ = {isa = PBXFileReference; fileEncoding = 4; lastKnownFileType = sourcecode.cpp.cpp; name = RBTree.cpp; path = ../../Algorithm/Structure/RBTree.cpp; sourceTree = "<group>"; };
		AB3E9A2B1C542B430079C256 /* RBTree.hpp */ = {isa = PBXFileReference; fileEncoding = 4; lastKnownFileType = sourcecode.cpp.h; name = RBTree.hpp; path = ../../Algorithm/Structure/RBTree.hpp; sourceTree = "<group>"; };
		AB3E9A2D1C542E560079C256 /* treeNode.cpp */ = {isa = PBXFileReference; fileEncoding = 4; lastKnownFileType = sourcecode.cpp.cpp; name = treeNode.cpp; path = ../../Algorithm/Structure/treeNode.cpp; sourceTree = "<group>"; };
		AB3E9A2E1C542E560079C256 /* treeNode.hpp */ = {isa = PBXFileReference; fileEncoding = 4; lastKnownFileType = sourcecode.cpp.h; name = treeNode.hpp; path = ../../Algorithm/Structure/treeNode.hpp; sourceTree = "<group>"; };
		AB3E9A301C542E6E0079C256 /* biNode.cpp */ = {isa = PBXFileReference; fileEncoding = 4; lastKnownFileType = sourcecode.cpp.cpp; name = biNode.cpp; path = ../../Algorithm/Structure/biNode.cpp; sourceTree = "<group>"; };
		AB3E9A311C542E6E0079C256 /* biNode.hpp */ = {isa = PBXFileReference; fileEncoding = 4; lastKnownFileType = sourcecode.cpp.h; name = biNode.hpp; path = ../../Algorithm/Structure/biNode.hpp; sourceTree = "<group>"; };
		AB3E9A331C54BE2F0079C256 /* BSTree.cpp */ = {isa = PBXFileReference; fileEncoding = 4; lastKnownFileType = sourcecode.cpp.cpp; name = BSTree.cpp; path = ../../Algorithm/Structure/BSTree.cpp; sourceTree = "<group>"; };
		AB3E9A341C54BE2F0079C256 /* BSTree.hpp */ = {isa = PBXFileReference; fileEncoding = 4; lastKnownFileType = sourcecode.cpp.h; name = BSTree.hpp; path = ../../Algorithm/Structure/BSTree.hpp; sourceTree = "<group>"; };
/* End PBXFileReference section */

/* Begin PBXFrameworksBuildPhase section */
		AB1A39971C4F4EC30078C572 /* Frameworks */ = {
			isa = PBXFrameworksBuildPhase;
			buildActionMask = 2147483647;
			files = (
			);
			runOnlyForDeploymentPostprocessing = 0;
		};
/* End PBXFrameworksBuildPhase section */

/* Begin PBXGroup section */
		AB1A39911C4F4EC30078C572 = {
			isa = PBXGroup;
			children = (
				AB3E9A301C542E6E0079C256 /* biNode.cpp */,
				AB3E9A311C542E6E0079C256 /* biNode.hpp */,
				AB3E9A2D1C542E560079C256 /* treeNode.cpp */,
				AB3E9A2E1C542E560079C256 /* treeNode.hpp */,
				AB3E9A331C54BE2F0079C256 /* BSTree.cpp */,
				AB3E9A341C54BE2F0079C256 /* BSTree.hpp */,
				AB3E9A2A1C542B430079C256 /* RBTree.cpp */,
				AB3E9A2B1C542B430079C256 /* RBTree.hpp */,
				AB3E9A281C542B230079C256 /* TreeTest.cpp */,
				AB1A399B1C4F4EC30078C572 /* Products */,
			);
			sourceTree = "<group>";
		};
		AB1A399B1C4F4EC30078C572 /* Products */ = {
			isa = PBXGroup;
			children = (
				AB1A399A1C4F4EC30078C572 /* TreeTest */,
			);
			name = Products;
			sourceTree = "<group>";
		};
/* End PBXGroup section */

/* Begin PBXNativeTarget section */
		AB1A39991C4F4EC30078C572 /* TreeTest */ = {
			isa = PBXNativeTarget;
			buildConfigurationList = AB1A39A11C4F4EC30078C572 /* Build configuration list for PBXNativeTarget "TreeTest" */;
			buildPhases = (
				AB1A39961C4F4EC30078C572 /* Sources */,
				AB1A39971C4F4EC30078C572 /* Frameworks */,
				AB1A39981C4F4EC30078C572 /* CopyFiles */,
			);
			buildRules = (
			);
			dependencies = (
			);
			name = TreeTest;
			productName = TreeTest;
			productReference = AB1A399A1C4F4EC30078C572 /* TreeTest */;
			productType = "com.apple.product-type.tool";
		};
/* End PBXNativeTarget section */

/* Begin PBXProject section */
		AB1A39921C4F4EC30078C572 /* Project object */ = {
			isa = PBXProject;
			attributes = {
				LastUpgradeCheck = 0720;
				ORGANIZATIONNAME = "Mingkai Chen";
				TargetAttributes = {
					AB1A39991C4F4EC30078C572 = {
						CreatedOnToolsVersion = 7.2;
					};
				};
			};
			buildConfigurationList = AB1A39951C4F4EC30078C572 /* Build configuration list for PBXProject "TreeTest" */;
			compatibilityVersion = "Xcode 3.2";
			developmentRegion = English;
			hasScannedForEncodings = 0;
			knownRegions = (
				en,
			);
			mainGroup = AB1A39911C4F4EC30078C572;
			productRefGroup = AB1A399B1C4F4EC30078C572 /* Products */;
			projectDirPath = "";
			projectRoot = "";
			targets = (
				AB1A39991C4F4EC30078C572 /* TreeTest */,
			);
		};
/* End PBXProject section */

/* Begin PBXSourcesBuildPhase section */
		AB1A39961C4F4EC30078C572 /* Sources */ = {
			isa = PBXSourcesBuildPhase;
			buildActionMask = 2147483647;
			files = (
				AB3E9A321C542E6E0079C256 /* biNode.cpp in Sources */,
				AB3E9A291C542B230079C256 /* TreeTest.cpp in Sources */,
				AB3E9A2C1C542B430079C256 /* RBTree.cpp in Sources */,
				AB3E9A351C54BE2F0079C256 /* BSTree.cpp in Sources */,
				AB3E9A2F1C542E560079C256 /* treeNode.cpp in Sources */,
			);
			runOnlyForDeploymentPostprocessing = 0;
		};
/* End PBXSourcesBuildPhase section */

/* Begin XCBuildConfiguration section */
		AB1A399F1C4F4EC30078C572 /* Debug */ = {
			isa = XCBuildConfiguration;
			buildSettings = {
				ALWAYS_SEARCH_USER_PATHS = NO;
				CLANG_CXX_LANGUAGE_STANDARD = "gnu++0x";
				CLANG_CXX_LIBRARY = "libc++";
				CLANG_ENABLE_MODULES = YES;
				CLANG_ENABLE_OBJC_ARC = YES;
				CLANG_WARN_BOOL_CONVERSION = YES;
				CLANG_WARN_CONSTANT_CONVERSION = YES;
				CLANG_WARN_DIRECT_OBJC_ISA_USAGE = YES_ERROR;
				CLANG_WARN_EMPTY_BODY = YES;
				CLANG_WARN_ENUM_CONVERSION = YES;
				CLANG_WARN_INT_CONVERSION = YES;
				CLANG_WARN_OBJC_ROOT_CLASS = YES_ERROR;
				CLANG_WARN_UNREACHABLE_CODE = YES;
				CLANG_WARN__DUPLICATE_METHOD_MATCH = YES;
				CODE_SIGN_IDENTITY = "-";
				COPY_PHASE_STRIP = NO;
				DEBUG_INFORMATION_FORMAT = dwarf;
				ENABLE_STRICT_OBJC_MSGSEND = YES;
				ENABLE_TESTABILITY = YES;
				GCC_C_LANGUAGE_STANDARD = gnu99;
				GCC_DYNAMIC_NO_PIC = NO;
				GCC_NO_COMMON_BLOCKS = YES;
				GCC_OPTIMIZATION_LEVEL = 0;
				GCC_PREPROCESSOR_DEFINITIONS = (
					"DEBUG=1",
					"$(inherited)",
				);
				GCC_WARN_64_TO_32_BIT_CONVERSION = YES;
				GCC_WARN_ABOUT_RETURN_TYPE = YES_ERROR;
				GCC_WARN_UNDECLARED_SELECTOR = YES;
				GCC_WARN_UNINITIALIZED_AUTOS = YES_AGGRESSIVE;
				GCC_WARN_UNUSED_FUNCTION = YES;
				GCC_WARN_UNUSED_VARIABLE = YES;
				MACOSX_DEPLOYMENT_TARGET = 10.11;
				MTL_ENABLE_DEBUG_INFO = YES;
				ONLY_ACTIVE_ARCH = YES;
				SDKROOT = macosx;
			};
			name = Debug;
		};
		AB1A39A01C4F4EC30078C572 /* Release */ = {
			isa = XCBuildConfiguration;
			buildSettings = {
				ALWAYS_SEARCH_USER_PATHS = NO;
				CLANG_CXX_LANGUAGE_STANDARD = "gnu++0x";
				CLANG_CXX_LIBRARY = "libc++";
				CLANG_ENABLE_MODULES = YES;
				CLANG_ENABLE_OBJC_ARC = YES;
				CLANG_WARN_BOOL_CONVERSION = YES;
				CLANG_WARN_CONSTANT_CONVERSION = YES;
				CLANG_WARN_DIRECT_OBJC_ISA_USAGE = YES_ERROR;
				CLANG_WARN_EMPTY_BODY = YES;
				CLANG_WARN_ENUM_CONVERSION = YES;
				CLANG_WARN_INT_CONVERSION = YES;
				CLANG_WARN_OBJC_ROOT_CLASS = YES_ERROR;
				CLANG_WARN_UNREACHABLE_CODE = YES;
				CLANG_WARN__DUPLICATE_METHOD_MATCH = YES;
				CODE_SIGN_IDENTITY = "-";
				COPY_PHASE_STRIP = NO;
				DEBUG_INFORMATION_FORMAT = "dwarf-with-dsym";
				ENABLE_NS_ASSERTIONS = NO;
				ENABLE_STRICT_OBJC_MSGSEND = YES;
				GCC_C_LANGUAGE_STANDARD = gnu99;
				GCC_NO_COMMON_BLOCKS = YES;
				GCC_WARN_64_TO_32_BIT_CONVERSION = YES;
				GCC_WARN_ABOUT_RETURN_TYPE = YES_ERROR;
				GCC_WARN_UNDECLARED_SELECTOR = YES;
				GCC_WARN_UNINITIALIZED_AUTOS = YES_AGGRESSIVE;
				GCC_WARN_UNUSED_FUNCTION = YES;
				GCC_WARN_UNUSED_VARIABLE = YES;
				MACOSX_DEPLOYMENT_TARGET = 10.11;
				MTL_ENABLE_DEBUG_INFO = NO;
				SDKROOT = macosx;
			};
			name = Release;
		};
		AB1A39A21C4F4EC30078C572 /* Debug */ = {
			isa = XCBuildConfiguration;
			buildSettings = {
				PRODUCT_NAME = "$(TARGET_NAME)";
			};
			name = Debug;
		};
		AB1A39A31C4F4EC30078C572 /* Release */ = {
			isa = XCBuildConfiguration;
			buildSettings = {
				PRODUCT_NAME = "$(TARGET_NAME)";
			};
			name = Release;
		};
/* End XCBuildConfiguration section */

/* Begin XCConfigurationList section */
		AB1A39951C4F4EC30078C572 /* Build configuration list for PBXProject "TreeTest" */ = {
			isa = XCConfigurationList;
			buildConfigurations = (
				AB1A399F1C4F4EC30078C572 /* Debug */,
				AB1A39A01C4F4EC30078C572 /* Release */,
			);
			defaultConfigurationIsVisible = 0;
			defaultConfigurationName = Release;
		};
		AB1A39A11C4F4EC30078C572 /* Build configuration list for PBXNativeTarget "TreeTest" */ = {
			isa = XCConfigurationList;
			buildConfigurations = (
				AB1A39A21C4F4EC30078C572 /* Debug */,
				AB1A39A31C4F4EC30078C572 /* Release */,
			);
			defaultConfigurationIsVisible = 0;
			defaultConfigurationName = Release;
		};
/* End XCConfigurationList section */
	};
	rootObject = AB1A39921C4F4EC30078C572 /* Project object */;
}
